
Microsoft Visual Studio Solution File, Format Version 12.00
# Visual Studio Version 17
VisualStudioVersion = 17.10.34928.147
MinimumVisualStudioVersion = 10.0.40219.1
Project("{FAE04EC0-301F-11D3-BF4B-00C04F79EFBC}") = "CaixaRegistradora", "CaixaRegistradora\CaixaRegistradora.csproj", "{1872A6E8-9CB5-4B1E-BD3E-3CD92AFE3DC5}"
EndProject
Global
	GlobalSection(SolutionConfigurationPlatforms) = preSolution
		Debug|Any CPU = Debug|Any CPU
		Release|Any CPU = Release|Any CPU
	EndGlobalSection
	GlobalSection(ProjectConfigurationPlatforms) = postSolution
		{1872A6E8-9CB5-4B1E-BD3E-3CD92AFE3DC5}.Debug|Any CPU.ActiveCfg = Debug|Any CPU
		{1872A6E8-9CB5-4B1E-BD3E-3CD92AFE3DC5}.Debug|Any CPU.Build.0 = Debug|Any CPU
		{1872A6E8-9CB5-4B1E-BD3E-3CD92AFE3DC5}.Release|Any CPU.ActiveCfg = Release|Any CPU
		{1872A6E8-9CB5-4B1E-BD3E-3CD92AFE3DC5}.Release|Any CPU.Build.0 = Release|Any CPU
	EndGlobalSection
	GlobalSection(SolutionProperties) = preSolution
		HideSolutionNode = FALSE
	EndGlobalSection
	GlobalSection(ExtensibilityGlobals) = postSolution
		SolutionGuid = {D9A7C0E0-847F-4032-B0CA-660C04D165AC}
	EndGlobalSection
EndGlobal
